<?xml version="1.0" encoding="utf-8"?>
<Project ToolsVersion="4.0" xmlns="http://schemas.microsoft.com/developer/msbuild/2003">
  <ItemGroup>
    <Filter Include="Crimson">
      <UniqueIdentifier>{C065D33A-2C45-52D6-355D-DDACA1BBB837}</UniqueIdentifier>
    </Filter>
    <Filter Include="Crimson\vendor">
      <UniqueIdentifier>{1D0463D6-09D2-56DC-F265-C702DED23241}</UniqueIdentifier>
    </Filter>
    <Filter Include="Crimson\vendor\GLFW">
      <UniqueIdentifier>{7CD905E8-E83A-E3F5-71A8-29A8DD081AB5}</UniqueIdentifier>
    </Filter>
    <Filter Include="Crimson\vendor\GLFW\include">
      <UniqueIdentifier>{EFBCA2FF-5BCA-D0E5-E4B0-CCD050BD9C9C}</UniqueIdentifier>
    </Filter>
    <Filter Include="Crimson\vendor\GLFW\include\GLFW">
      <UniqueIdentifier>{8EE5B3CF-7A36-9F11-A39A-8DD38F4A327B}</UniqueIdentifier>
    </Filter>
    <Filter Include="Crimson\vendor\GLFW\src">
      <UniqueIdentifier>{93F529C2-FF2C-7259-0837-D67C74ED9852}</UniqueIdentifier>
    </Filter>
    <Filter Include="src">
      <UniqueIdentifier>{2DAB880B-99B4-887C-2230-9F7C8E38947C}</UniqueIdentifier>
    </Filter>
  </ItemGroup>
  <ItemGroup>
    <ClCompile Include="src\SandboxApp.cpp">
      <Filter>src</Filter>
    </ClCompile>
  </ItemGroup>
  <ItemGroup>
    <None Include="src\texture.shader" />
  </ItemGroup>
</Project>