<?xml version="1.0" encoding="utf-8"?>
<Project ToolsVersion="4.0" xmlns="http://schemas.microsoft.com/developer/msbuild/2003">
  <ItemGroup>
    <Filter Include="Assets">
      <UniqueIdentifier>{3824E0A7-24C6-0A7E-0D81-1ED2F9C191CE}</UniqueIdentifier>
    </Filter>
    <Filter Include="Assets\textures">
      <UniqueIdentifier>{2BD15FD2-975C-CD96-A06D-508B0C782997}</UniqueIdentifier>
    </Filter>
    <Filter Include="src">
      <UniqueIdentifier>{2DAB880B-99B4-887C-2230-9F7C8E38947C}</UniqueIdentifier>
    </Filter>
    <Filter Include="vendor">
      <UniqueIdentifier>{B3738122-9F15-ACF8-88D0-BF4C74113349}</UniqueIdentifier>
    </Filter>
    <Filter Include="vendor\glm">
      <UniqueIdentifier>{829FC5A8-6E57-07F6-D75E-E051C335A2E6}</UniqueIdentifier>
    </Filter>
  </ItemGroup>
  <ItemGroup>
    <ClInclude Include="src\DisplayNews.h">
      <Filter>src</Filter>
    </ClInclude>
    <ClInclude Include="src\ImGuiInputText.h">
      <Filter>src</Filter>
    </ClInclude>
    <ClInclude Include="src\MonteCarloSim.h">
      <Filter>src</Filter>
    </ClInclude>
    <ClInclude Include="src\Sandbox2dApp.h">
      <Filter>src</Filter>
    </ClInclude>
  </ItemGroup>
  <ItemGroup>
    <ClCompile Include="src\DisplayNews.cpp">
      <Filter>src</Filter>
    </ClCompile>
    <ClCompile Include="src\ImGuiInputText.cpp">
      <Filter>src</Filter>
    </ClCompile>
    <ClCompile Include="src\MonteCarloSim.cpp">
      <Filter>src</Filter>
    </ClCompile>
    <ClCompile Include="src\Sandbox2dApp.cpp">
      <Filter>src</Filter>
    </ClCompile>
    <ClCompile Include="src\SandboxApp.cpp">
      <Filter>src</Filter>
    </ClCompile>
  </ItemGroup>
  <ItemGroup>
    <None Include="vendor\glm\glm">
      <Filter>vendor\glm</Filter>
    </None>
  </ItemGroup>
  <ItemGroup>
    <Image Include="Assets\textures\Crimson.png">
      <Filter>Assets\textures</Filter>
    </Image>
    <Image Include="Assets\textures\Ship.png">
      <Filter>Assets\textures</Filter>
    </Image>
    <Image Include="Assets\textures\linux.png">
      <Filter>Assets\textures</Filter>
    </Image>
  </ItemGroup>
</Project>