<?xml version="1.0" encoding="utf-8"?>
<Project ToolsVersion="4.0" xmlns="http://schemas.microsoft.com/developer/msbuild/2003">
  <ItemGroup>
    <Filter Include="Crimson">
      <UniqueIdentifier>{C065D33A-2C45-52D6-355D-DDACA1BBB837}</UniqueIdentifier>
    </Filter>
    <Filter Include="Crimson\Events">
      <UniqueIdentifier>{A4194565-90E7-386B-797B-A99165E814D0}</UniqueIdentifier>
    </Filter>
    <Filter Include="Crimson\ImGui">
      <UniqueIdentifier>{EA2AC1B5-56EB-3CEC-1F26-86698BA581C8}</UniqueIdentifier>
    </Filter>
    <Filter Include="Platform">
      <UniqueIdentifier>{2AC788B4-1694-E3BF-3FAD-D1672BD9184E}</UniqueIdentifier>
    </Filter>
    <Filter Include="Platform\OpenGL">
      <UniqueIdentifier>{1E7D2C1D-8A08-9AE1-9319-1DD6FF23F6E1}</UniqueIdentifier>
    </Filter>
    <Filter Include="Platform\Windows">
      <UniqueIdentifier>{64FBD71A-50F4-F66C-7926-DCF1657ED678}</UniqueIdentifier>
    </Filter>
  </ItemGroup>
  <ItemGroup>
    <ClInclude Include="src\Crimson.h" />
    <ClInclude Include="src\Crimson\Application.h">
      <Filter>Crimson</Filter>
    </ClInclude>
    <ClInclude Include="src\Crimson\Core.h">
      <Filter>Crimson</Filter>
    </ClInclude>
    <ClInclude Include="src\Crimson\EntryPoint.h">
      <Filter>Crimson</Filter>
    </ClInclude>
    <ClInclude Include="src\Crimson\Events\ApplicationEvent.h">
      <Filter>Crimson\Events</Filter>
    </ClInclude>
    <ClInclude Include="src\Crimson\Events\Event.h">
      <Filter>Crimson\Events</Filter>
    </ClInclude>
    <ClInclude Include="src\Crimson\Events\KeyEvent.h">
      <Filter>Crimson\Events</Filter>
    </ClInclude>
    <ClInclude Include="src\Crimson\Events\MouseEvent.h">
      <Filter>Crimson\Events</Filter>
    </ClInclude>
    <ClInclude Include="src\Crimson\ImGui\ImGuiLayer.h">
      <Filter>Crimson\ImGui</Filter>
    </ClInclude>
    <ClInclude Include="src\Crimson\Layer.h">
      <Filter>Crimson</Filter>
    </ClInclude>
    <ClInclude Include="src\Crimson\LayerStack.h">
      <Filter>Crimson</Filter>
    </ClInclude>
    <ClInclude Include="src\Crimson\Log.h">
      <Filter>Crimson</Filter>
    </ClInclude>
    <ClInclude Include="src\Crimson\Subsystems.h">
      <Filter>Crimson</Filter>
    </ClInclude>
    <ClInclude Include="src\Crimson\Window.h">
      <Filter>Crimson</Filter>
    </ClInclude>
    <ClInclude Include="src\Platform\OpenGL\ImGuiGLRenderer.h">
      <Filter>Platform\OpenGL</Filter>
    </ClInclude>
    <ClInclude Include="src\Platform\Windows\WindowsWindow.h">
      <Filter>Platform\Windows</Filter>
    </ClInclude>
    <ClInclude Include="src\cnpch.h" />
  </ItemGroup>
  <ItemGroup>
    <ClCompile Include="src\Crimson\Application.cpp">
      <Filter>Crimson</Filter>
    </ClCompile>
    <ClCompile Include="src\Crimson\ImGui\ImGuiLayer.cpp">
      <Filter>Crimson\ImGui</Filter>
    </ClCompile>
    <ClCompile Include="src\Crimson\Layer.cpp">
      <Filter>Crimson</Filter>
    </ClCompile>
    <ClCompile Include="src\Crimson\LayerStack.cpp">
      <Filter>Crimson</Filter>
    </ClCompile>
    <ClCompile Include="src\Crimson\Log.cpp">
      <Filter>Crimson</Filter>
    </ClCompile>
    <ClCompile Include="src\Crimson\Subsystems.cpp">
      <Filter>Crimson</Filter>
    </ClCompile>
    <ClCompile Include="src\Platform\OpenGL\ImGuiGLRenderer.cpp">
      <Filter>Platform\OpenGL</Filter>
    </ClCompile>
    <ClCompile Include="src\Platform\Windows\WindowsWindow.cpp">
      <Filter>Platform\Windows</Filter>
    </ClCompile>
    <ClCompile Include="src\cnpch.cpp" />
  </ItemGroup>
</Project>