<?xml version="1.0" encoding="utf-8"?>
<Project ToolsVersion="4.0" xmlns="http://schemas.microsoft.com/developer/msbuild/2003">
  <ItemGroup>
    <Filter Include="Crimson">
      <UniqueIdentifier>{C065D33A-2C45-52D6-355D-DDACA1BBB837}</UniqueIdentifier>
    </Filter>
  </ItemGroup>
  <ItemGroup>
    <ClInclude Include="src\Crimson.h" />
    <ClInclude Include="src\Crimson\Application.h">
      <Filter>Crimson</Filter>
    </ClInclude>
    <ClInclude Include="src\Crimson\Core.h">
      <Filter>Crimson</Filter>
    </ClInclude>
    <ClInclude Include="src\Crimson\EntryPoint.h">
      <Filter>Crimson</Filter>
    </ClInclude>
    <ClInclude Include="src\Crimson\Log.h">
      <Filter>Crimson</Filter>
    </ClInclude>
  </ItemGroup>
  <ItemGroup>
    <ClCompile Include="src\Crimson\Application.cpp">
      <Filter>Crimson</Filter>
    </ClCompile>
    <ClCompile Include="src\Crimson\Log.cpp">
      <Filter>Crimson</Filter>
    </ClCompile>
  </ItemGroup>
</Project>