<?xml version="1.0" encoding="utf-8"?>
<Project ToolsVersion="4.0" xmlns="http://schemas.microsoft.com/developer/msbuild/2003">
  <ItemGroup>
    <Filter Include="src">
      <UniqueIdentifier>{2DAB880B-99B4-887C-2230-9F7C8E38947C}</UniqueIdentifier>
    </Filter>
    <Filter Include="src\Crimson">
      <UniqueIdentifier>{D7650D44-431B-8639-CC0F-801038C47C3D}</UniqueIdentifier>
    </Filter>
    <Filter Include="src\Crimson\Controller">
      <UniqueIdentifier>{0ABD9426-F6B6-BD78-DF23-5489CBBC23E5}</UniqueIdentifier>
    </Filter>
    <Filter Include="src\Crimson\Core">
      <UniqueIdentifier>{8FC83266-7BC1-51B8-A4F3-363D904B31C4}</UniqueIdentifier>
    </Filter>
    <Filter Include="src\Crimson\Events">
      <UniqueIdentifier>{DB3929C3-C71D-EA18-307E-E46B1C81D49A}</UniqueIdentifier>
    </Filter>
    <Filter Include="src\Crimson\ImGui">
      <UniqueIdentifier>{41A0F62C-ADB6-F4C2-F62D-80E46283C54A}</UniqueIdentifier>
    </Filter>
    <Filter Include="src\Crimson\Renderer">
      <UniqueIdentifier>{5D2B5A29-49BA-E3F2-F2D8-F7EDDE46F498}</UniqueIdentifier>
    </Filter>
    <Filter Include="src\Platform">
      <UniqueIdentifier>{21CA02E5-0D2D-9289-B6B2-CA3FA2F45D0C}</UniqueIdentifier>
    </Filter>
    <Filter Include="src\Platform\OpenGL">
      <UniqueIdentifier>{35A49437-A105-7245-2A73-B8F796D3A804}</UniqueIdentifier>
    </Filter>
    <Filter Include="src\Platform\Windows">
      <UniqueIdentifier>{5B054582-4794-CE4B-F0B2-E246DC20DFF1}</UniqueIdentifier>
    </Filter>
    <Filter Include="vendor">
      <UniqueIdentifier>{B3738122-9F15-ACF8-88D0-BF4C74113349}</UniqueIdentifier>
    </Filter>
    <Filter Include="vendor\stb">
      <UniqueIdentifier>{8BD3C5A8-778B-07F6-E092-E051CC69A2E6}</UniqueIdentifier>
    </Filter>
  </ItemGroup>
  <ItemGroup>
    <ClInclude Include="src\Crimson.h">
      <Filter>src</Filter>
    </ClInclude>
    <ClInclude Include="src\Crimson\Controller\OrthographicCameraController.h">
      <Filter>src\Crimson\Controller</Filter>
    </ClInclude>
    <ClInclude Include="src\Crimson\Core\Application.h">
      <Filter>src\Crimson\Core</Filter>
    </ClInclude>
    <ClInclude Include="src\Crimson\Core\Core.h">
      <Filter>src\Crimson\Core</Filter>
    </ClInclude>
    <ClInclude Include="src\Crimson\Core\EntryPoint.h">
      <Filter>src\Crimson\Core</Filter>
    </ClInclude>
    <ClInclude Include="src\Crimson\Core\Input.h">
      <Filter>src\Crimson\Core</Filter>
    </ClInclude>
    <ClInclude Include="src\Crimson\Core\KeyCodes.h">
      <Filter>src\Crimson\Core</Filter>
    </ClInclude>
    <ClInclude Include="src\Crimson\Core\Layer.h">
      <Filter>src\Crimson\Core</Filter>
    </ClInclude>
    <ClInclude Include="src\Crimson\Core\LayerStack.h">
      <Filter>src\Crimson\Core</Filter>
    </ClInclude>
    <ClInclude Include="src\Crimson\Core\Log.h">
      <Filter>src\Crimson\Core</Filter>
    </ClInclude>
    <ClInclude Include="src\Crimson\Core\MouseButtonCodes.h">
      <Filter>src\Crimson\Core</Filter>
    </ClInclude>
    <ClInclude Include="src\Crimson\Core\Subsystems.h">
      <Filter>src\Crimson\Core</Filter>
    </ClInclude>
    <ClInclude Include="src\Crimson\Core\TimeStep.h">
      <Filter>src\Crimson\Core</Filter>
    </ClInclude>
    <ClInclude Include="src\Crimson\Core\Window.h">
      <Filter>src\Crimson\Core</Filter>
    </ClInclude>
    <ClInclude Include="src\Crimson\Events\ApplicationEvent.h">
      <Filter>src\Crimson\Events</Filter>
    </ClInclude>
    <ClInclude Include="src\Crimson\Events\Event.h">
      <Filter>src\Crimson\Events</Filter>
    </ClInclude>
    <ClInclude Include="src\Crimson\Events\KeyEvent.h">
      <Filter>src\Crimson\Events</Filter>
    </ClInclude>
    <ClInclude Include="src\Crimson\Events\MouseEvent.h">
      <Filter>src\Crimson\Events</Filter>
    </ClInclude>
    <ClInclude Include="src\Crimson\ImGui\ImGuiLayer.h">
      <Filter>src\Crimson\ImGui</Filter>
    </ClInclude>
    <ClInclude Include="src\Crimson\Renderer\Buffer.h">
      <Filter>src\Crimson\Renderer</Filter>
    </ClInclude>
    <ClInclude Include="src\Crimson\Renderer\GraphicsContext.h">
      <Filter>src\Crimson\Renderer</Filter>
    </ClInclude>
    <ClInclude Include="src\Crimson\Renderer\OrthographicCamera.h">
      <Filter>src\Crimson\Renderer</Filter>
    </ClInclude>
    <ClInclude Include="src\Crimson\Renderer\RenderCommand.h">
      <Filter>src\Crimson\Renderer</Filter>
    </ClInclude>
    <ClInclude Include="src\Crimson\Renderer\Renderer3D.h">
      <Filter>src\Crimson\Renderer</Filter>
    </ClInclude>
    <ClInclude Include="src\Crimson\Renderer\RendererAPI.h">
      <Filter>src\Crimson\Renderer</Filter>
    </ClInclude>
    <ClInclude Include="src\Crimson\Renderer\Shader.h">
      <Filter>src\Crimson\Renderer</Filter>
    </ClInclude>
    <ClInclude Include="src\Crimson\Renderer\Texture.h">
      <Filter>src\Crimson\Renderer</Filter>
    </ClInclude>
    <ClInclude Include="src\Crimson\Renderer\VertexArray.h">
      <Filter>src\Crimson\Renderer</Filter>
    </ClInclude>
    <ClInclude Include="src\Platform\OpenGL\OpenGLBuffer.h">
      <Filter>src\Platform\OpenGL</Filter>
    </ClInclude>
    <ClInclude Include="src\Platform\OpenGL\OpenGLContext.h">
      <Filter>src\Platform\OpenGL</Filter>
    </ClInclude>
    <ClInclude Include="src\Platform\OpenGL\OpenGLRendererAPI.h">
      <Filter>src\Platform\OpenGL</Filter>
    </ClInclude>
    <ClInclude Include="src\Platform\OpenGL\OpenGLShader.h">
      <Filter>src\Platform\OpenGL</Filter>
    </ClInclude>
    <ClInclude Include="src\Platform\OpenGL\OpenGLTexture.h">
      <Filter>src\Platform\OpenGL</Filter>
    </ClInclude>
    <ClInclude Include="src\Platform\OpenGL\OpenGLVertexArray.h">
      <Filter>src\Platform\OpenGL</Filter>
    </ClInclude>
    <ClInclude Include="src\Platform\Windows\WindowsInput.h">
      <Filter>src\Platform\Windows</Filter>
    </ClInclude>
    <ClInclude Include="src\Platform\Windows\WindowsWindow.h">
      <Filter>src\Platform\Windows</Filter>
    </ClInclude>
    <ClInclude Include="src\cnpch.h">
      <Filter>src</Filter>
    </ClInclude>
    <ClInclude Include="vendor\stb\stb_image.h">
      <Filter>vendor\stb</Filter>
    </ClInclude>
    <ClInclude Include="src\Crimson\Renderer\Renderer2D.h" />
    <ClInclude Include="src\Crimson\Renderer\Renderer.h" />
  </ItemGroup>
  <ItemGroup>
    <ClCompile Include="src\Crimson\Controller\OrthographicCameraController.cpp">
      <Filter>src\Crimson\Controller</Filter>
    </ClCompile>
    <ClCompile Include="src\Crimson\Core\Application.cpp">
      <Filter>src\Crimson\Core</Filter>
    </ClCompile>
    <ClCompile Include="src\Crimson\Core\Layer.cpp">
      <Filter>src\Crimson\Core</Filter>
    </ClCompile>
    <ClCompile Include="src\Crimson\Core\LayerStack.cpp">
      <Filter>src\Crimson\Core</Filter>
    </ClCompile>
    <ClCompile Include="src\Crimson\Core\Log.cpp">
      <Filter>src\Crimson\Core</Filter>
    </ClCompile>
    <ClCompile Include="src\Crimson\Core\Subsystems.cpp">
      <Filter>src\Crimson\Core</Filter>
    </ClCompile>
    <ClCompile Include="src\Crimson\ImGui\ImGuiBuild.cpp">
      <Filter>src\Crimson\ImGui</Filter>
    </ClCompile>
    <ClCompile Include="src\Crimson\ImGui\ImGuiLayer.cpp">
      <Filter>src\Crimson\ImGui</Filter>
    </ClCompile>
    <ClCompile Include="src\Crimson\Renderer\Buffer.cpp">
      <Filter>src\Crimson\Renderer</Filter>
    </ClCompile>
    <ClCompile Include="src\Crimson\Renderer\OrthographicCamera.cpp">
      <Filter>src\Crimson\Renderer</Filter>
    </ClCompile>
    <ClCompile Include="src\Crimson\Renderer\RenderCommand.cpp">
      <Filter>src\Crimson\Renderer</Filter>
    </ClCompile>
    <ClCompile Include="src\Crimson\Renderer\Renderer3D.cpp">
      <Filter>src\Crimson\Renderer</Filter>
    </ClCompile>
    <ClCompile Include="src\Crimson\Renderer\RendererAPI.cpp">
      <Filter>src\Crimson\Renderer</Filter>
    </ClCompile>
    <ClCompile Include="src\Crimson\Renderer\Shader.cpp">
      <Filter>src\Crimson\Renderer</Filter>
    </ClCompile>
    <ClCompile Include="src\Crimson\Renderer\Texture.cpp">
      <Filter>src\Crimson\Renderer</Filter>
    </ClCompile>
    <ClCompile Include="src\Crimson\Renderer\VertexArray.cpp">
      <Filter>src\Crimson\Renderer</Filter>
    </ClCompile>
    <ClCompile Include="src\Platform\OpenGL\OpenGLBuffer.cpp">
      <Filter>src\Platform\OpenGL</Filter>
    </ClCompile>
    <ClCompile Include="src\Platform\OpenGL\OpenGLContext.cpp">
      <Filter>src\Platform\OpenGL</Filter>
    </ClCompile>
    <ClCompile Include="src\Platform\OpenGL\OpenGLRendererAPI.cpp">
      <Filter>src\Platform\OpenGL</Filter>
    </ClCompile>
    <ClCompile Include="src\Platform\OpenGL\OpenGLShader.cpp">
      <Filter>src\Platform\OpenGL</Filter>
    </ClCompile>
    <ClCompile Include="src\Platform\OpenGL\OpenGLTexture.cpp">
      <Filter>src\Platform\OpenGL</Filter>
    </ClCompile>
    <ClCompile Include="src\Platform\OpenGL\OpenGLVertexArray.cpp">
      <Filter>src\Platform\OpenGL</Filter>
    </ClCompile>
    <ClCompile Include="src\Platform\Windows\WindowsInput.cpp">
      <Filter>src\Platform\Windows</Filter>
    </ClCompile>
    <ClCompile Include="src\Platform\Windows\WindowsWindow.cpp">
      <Filter>src\Platform\Windows</Filter>
    </ClCompile>
    <ClCompile Include="src\cnpch.cpp">
      <Filter>src</Filter>
    </ClCompile>
    <ClCompile Include="vendor\stb\stb.cpp">
      <Filter>vendor\stb</Filter>
    </ClCompile>
    <ClCompile Include="src\Crimson\Renderer\Renderer2D.cpp" />
    <ClCompile Include="src\Crimson\Renderer\Renderer.cpp" />
  </ItemGroup>
</Project>